// !$*UTF8*$!
{
	archiveVersion = 1;
	classes = {
	};
	objectVersion = 46;
	objects = {

/* Begin PBXBuildFile section */
		0492FC981B57EA7C004BC2A2 /* AppDelegate.swift in Sources */ = {isa = PBXBuildFile; fileRef = 0492FC971B57EA7C004BC2A2 /* AppDelegate.swift */; };
		0492FC9A1B57EA7C004BC2A2 /* ViewController.swift in Sources */ = {isa = PBXBuildFile; fileRef = 0492FC991B57EA7C004BC2A2 /* ViewController.swift */; };
		0492FC9D1B57EA7C004BC2A2 /* Main.storyboard in Resources */ = {isa = PBXBuildFile; fileRef = 0492FC9B1B57EA7C004BC2A2 /* Main.storyboard */; };
		0492FC9F1B57EA7C004BC2A2 /* Images.xcassets in Resources */ = {isa = PBXBuildFile; fileRef = 0492FC9E1B57EA7C004BC2A2 /* Images.xcassets */; };
		0492FCA21B57EA7C004BC2A2 /* LaunchScreen.xib in Resources */ = {isa = PBXBuildFile; fileRef = 0492FCA01B57EA7C004BC2A2 /* LaunchScreen.xib */; };
		0492FCAE1B57EA7C004BC2A2 /* SoundBuddieTests.swift in Sources */ = {isa = PBXBuildFile; fileRef = 0492FCAD1B57EA7C004BC2A2 /* SoundBuddieTests.swift */; };
/* End PBXBuildFile section */

/* Begin PBXContainerItemProxy section */
		0492FCA81B57EA7C004BC2A2 /* PBXContainerItemProxy */ = {
			isa = PBXContainerItemProxy;
			containerPortal = 0492FC8A1B57EA7C004BC2A2 /* Project object */;
			proxyType = 1;
			remoteGlobalIDString = 0492FC911B57EA7C004BC2A2;
			remoteInfo = SoundBuddie;
		};
/* End PBXContainerItemProxy section */

/* Begin PBXFileReference section */
		0492FC921B57EA7C004BC2A2 /* SoundBuddie.app */ = {isa = PBXFileReference; explicitFileType = wrapper.application; includeInIndex = 0; path = SoundBuddie.app; sourceTree = BUILT_PRODUCTS_DIR; };
		0492FC961B57EA7C004BC2A2 /* Info.plist */ = {isa = PBXFileReference; lastKnownFileType = text.plist.xml; path = Info.plist; sourceTree = "<group>"; };
		0492FC971B57EA7C004BC2A2 /* AppDelegate.swift */ = {isa = PBXFileReference; lastKnownFileType = sourcecode.swift; path = AppDelegate.swift; sourceTree = "<group>"; };
		0492FC991B57EA7C004BC2A2 /* ViewController.swift */ = {isa = PBXFileReference; lastKnownFileType = sourcecode.swift; path = ViewController.swift; sourceTree = "<group>"; };
		0492FC9C1B57EA7C004BC2A2 /* Base */ = {isa = PBXFileReference; lastKnownFileType = file.storyboard; name = Base; path = Base.lproj/Main.storyboard; sourceTree = "<group>"; };
		0492FC9E1B57EA7C004BC2A2 /* Images.xcassets */ = {isa = PBXFileReference; lastKnownFileType = folder.assetcatalog; path = Images.xcassets; sourceTree = "<group>"; };
		0492FCA11B57EA7C004BC2A2 /* Base */ = {isa = PBXFileReference; lastKnownFileType = file.xib; name = Base; path = Base.lproj/LaunchScreen.xib; sourceTree = "<group>"; };
		0492FCA71B57EA7C004BC2A2 /* SoundBuddieTests.xctest */ = {isa = PBXFileReference; explicitFileType = wrapper.cfbundle; includeInIndex = 0; path = SoundBuddieTests.xctest; sourceTree = BUILT_PRODUCTS_DIR; };
		0492FCAC1B57EA7C004BC2A2 /* Info.plist */ = {isa = PBXFileReference; lastKnownFileType = text.plist.xml; path = Info.plist; sourceTree = "<group>"; };
		0492FCAD1B57EA7C004BC2A2 /* SoundBuddieTests.swift */ = {isa = PBXFileReference; lastKnownFileType = sourcecode.swift; path = SoundBuddieTests.swift; sourceTree = "<group>"; };
/* End PBXFileReference section */

/* Begin PBXFrameworksBuildPhase section */
		0492FC8F1B57EA7C004BC2A2 /* Frameworks */ = {
			isa = PBXFrameworksBuildPhase;
			buildActionMask = 2147483647;
			files = (
			);
			runOnlyForDeploymentPostprocessing = 0;
		};
		0492FCA41B57EA7C004BC2A2 /* Frameworks */ = {
			isa = PBXFrameworksBuildPhase;
			buildActionMask = 2147483647;
			files = (
			);
			runOnlyForDeploymentPostprocessing = 0;
		};
/* End PBXFrameworksBuildPhase section */

/* Begin PBXGroup section */
		0492FC891B57EA7C004BC2A2 = {
			isa = PBXGroup;
			children = (
				0492FC941B57EA7C004BC2A2 /* SoundBuddie */,
				0492FCAA1B57EA7C004BC2A2 /* SoundBuddieTests */,
				0492FC931B57EA7C004BC2A2 /* Products */,
			);
			sourceTree = "<group>";
		};
		0492FC931B57EA7C004BC2A2 /* Products */ = {
			isa = PBXGroup;
			children = (
				0492FC921B57EA7C004BC2A2 /* SoundBuddie.app */,
				0492FCA71B57EA7C004BC2A2 /* SoundBuddieTests.xctest */,
			);
			name = Products;
			sourceTree = "<group>";
		};
		0492FC941B57EA7C004BC2A2 /* SoundBuddie */ = {
			isa = PBXGroup;
			children = (
				0492FC971B57EA7C004BC2A2 /* AppDelegate.swift */,
				0492FC991B57EA7C004BC2A2 /* ViewController.swift */,
				0492FC9B1B57EA7C004BC2A2 /* Main.storyboard */,
				0492FC9E1B57EA7C004BC2A2 /* Images.xcassets */,
				0492FCA01B57EA7C004BC2A2 /* LaunchScreen.xib */,
				0492FC951B57EA7C004BC2A2 /* Supporting Files */,
			);
			path = SoundBuddie;
			sourceTree = "<group>";
		};
		0492FC951B57EA7C004BC2A2 /* Supporting Files */ = {
			isa = PBXGroup;
			children = (
				0492FC961B57EA7C004BC2A2 /* Info.plist */,
			);
			name = "Supporting Files";
			sourceTree = "<group>";
		};
		0492FCAA1B57EA7C004BC2A2 /* SoundBuddieTests */ = {
			isa = PBXGroup;
			children = (
				0492FCAD1B57EA7C004BC2A2 /* SoundBuddieTests.swift */,
				0492FCAB1B57EA7C004BC2A2 /* Supporting Files */,
			);
			path = SoundBuddieTests;
			sourceTree = "<group>";
		};
		0492FCAB1B57EA7C004BC2A2 /* Supporting Files */ = {
			isa = PBXGroup;
			children = (
				0492FCAC1B57EA7C004BC2A2 /* Info.plist */,
			);
			name = "Supporting Files";
			sourceTree = "<group>";
		};
/* End PBXGroup section */

/* Begin PBXNativeTarget section */
		0492FC911B57EA7C004BC2A2 /* SoundBuddie */ = {
			isa = PBXNativeTarget;
			buildConfigurationList = 0492FCB11B57EA7C004BC2A2 /* Build configuration list for PBXNativeTarget "SoundBuddie" */;
			buildPhases = (
				0492FC8E1B57EA7C004BC2A2 /* Sources */,
				0492FC8F1B57EA7C004BC2A2 /* Frameworks */,
				0492FC901B57EA7C004BC2A2 /* Resources */,
			);
			buildRules = (
			);
			dependencies = (
			);
			name = SoundBuddie;
			productName = SoundBuddie;
			productReference = 0492FC921B57EA7C004BC2A2 /* SoundBuddie.app */;
			productType = "com.apple.product-type.application";
		};
		0492FCA61B57EA7C004BC2A2 /* SoundBuddieTests */ = {
			isa = PBXNativeTarget;
			buildConfigurationList = 0492FCB41B57EA7C004BC2A2 /* Build configuration list for PBXNativeTarget "SoundBuddieTests" */;
			buildPhases = (
				0492FCA31B57EA7C004BC2A2 /* Sources */,
				0492FCA41B57EA7C004BC2A2 /* Frameworks */,
				0492FCA51B57EA7C004BC2A2 /* Resources */,
			);
			buildRules = (
			);
			dependencies = (
				0492FCA91B57EA7C004BC2A2 /* PBXTargetDependency */,
			);
			name = SoundBuddieTests;
			productName = SoundBuddieTests;
			productReference = 0492FCA71B57EA7C004BC2A2 /* SoundBuddieTests.xctest */;
			productType = "com.apple.product-type.bundle.unit-test";
		};
/* End PBXNativeTarget section */

/* Begin PBXProject section */
		0492FC8A1B57EA7C004BC2A2 /* Project object */ = {
			isa = PBXProject;
			attributes = {
				LastUpgradeCheck = 0640;
				ORGANIZATIONNAME = "Jack Douglas";
				TargetAttributes = {
					0492FC911B57EA7C004BC2A2 = {
						CreatedOnToolsVersion = 6.4;
					};
					0492FCA61B57EA7C004BC2A2 = {
						CreatedOnToolsVersion = 6.4;
						TestTargetID = 0492FC911B57EA7C004BC2A2;
					};
				};
			};
			buildConfigurationList = 0492FC8D1B57EA7C004BC2A2 /* Build configuration list for PBXProject "SoundBuddie" */;
			compatibilityVersion = "Xcode 3.2";
			developmentRegion = English;
			hasScannedForEncodings = 0;
			knownRegions = (
				en,
				Base,
			);
			mainGroup = 0492FC891B57EA7C004BC2A2;
			productRefGroup = 0492FC931B57EA7C004BC2A2 /* Products */;
			projectDirPath = "";
			projectRoot = "";
			targets = (
				0492FC911B57EA7C004BC2A2 /* SoundBuddie */,
				0492FCA61B57EA7C004BC2A2 /* SoundBuddieTests */,
			);
		};
/* End PBXProject section */

/* Begin PBXResourcesBuildPhase section */
		0492FC901B57EA7C004BC2A2 /* Resources */ = {
			isa = PBXResourcesBuildPhase;
			buildActionMask = 2147483647;
			files = (
				0492FC9D1B57EA7C004BC2A2 /* Main.storyboard in Resources */,
				0492FCA21B57EA7C004BC2A2 /* LaunchScreen.xib in Resources */,
				0492FC9F1B57EA7C004BC2A2 /* Images.xcassets in Resources */,
			);
			runOnlyForDeploymentPostprocessing = 0;
		};
		0492FCA51B57EA7C004BC2A2 /* Resources */ = {
			isa = PBXResourcesBuildPhase;
			buildActionMask = 2147483647;
			files = (
			);
			runOnlyForDeploymentPostprocessing = 0;
		};
/* End PBXResourcesBuildPhase section */

/* Begin PBXSourcesBuildPhase section */
		0492FC8E1B57EA7C004BC2A2 /* Sources */ = {
			isa = PBXSourcesBuildPhase;
			buildActionMask = 2147483647;
			files = (
				0492FC9A1B57EA7C004BC2A2 /* ViewController.swift in Sources */,
				0492FC981B57EA7C004BC2A2 /* AppDelegate.swift in Sources */,
			);
			runOnlyForDeploymentPostprocessing = 0;
		};
		0492FCA31B57EA7C004BC2A2 /* Sources */ = {
			isa = PBXSourcesBuildPhase;
			buildActionMask = 2147483647;
			files = (
				0492FCAE1B57EA7C004BC2A2 /* SoundBuddieTests.swift in Sources */,
			);
			runOnlyForDeploymentPostprocessing = 0;
		};
/* End PBXSourcesBuildPhase section */

/* Begin PBXTargetDependency section */
		0492FCA91B57EA7C004BC2A2 /* PBXTargetDependency */ = {
			isa = PBXTargetDependency;
			target = 0492FC911B57EA7C004BC2A2 /* SoundBuddie */;
			targetProxy = 0492FCA81B57EA7C004BC2A2 /* PBXContainerItemProxy */;
		};
/* End PBXTargetDependency section */

/* Begin PBXVariantGroup section */
		0492FC9B1B57EA7C004BC2A2 /* Main.storyboard */ = {
			isa = PBXVariantGroup;
			children = (
				0492FC9C1B57EA7C004BC2A2 /* Base */,
			);
			name = Main.storyboard;
			sourceTree = "<group>";
		};
		0492FCA01B57EA7C004BC2A2 /* LaunchScreen.xib */ = {
			isa = PBXVariantGroup;
			children = (
				0492FCA11B57EA7C004BC2A2 /* Base */,
			);
			name = LaunchScreen.xib;
			sourceTree = "<group>";
		};
/* End PBXVariantGroup section */

/* Begin XCBuildConfiguration section */
		0492FCAF1B57EA7C004BC2A2 /* Debug */ = {
			isa = XCBuildConfiguration;
			buildSettings = {
				ALWAYS_SEARCH_USER_PATHS = NO;
				CLANG_CXX_LANGUAGE_STANDARD = "gnu++0x";
				CLANG_CXX_LIBRARY = "libc++";
				CLANG_ENABLE_MODULES = YES;
				CLANG_ENABLE_OBJC_ARC = YES;
				CLANG_WARN_BOOL_CONVERSION = YES;
				CLANG_WARN_CONSTANT_CONVERSION = YES;
				CLANG_WARN_DIRECT_OBJC_ISA_USAGE = YES_ERROR;
				CLANG_WARN_EMPTY_BODY = YES;
				CLANG_WARN_ENUM_CONVERSION = YES;
				CLANG_WARN_INT_CONVERSION = YES;
				CLANG_WARN_OBJC_ROOT_CLASS = YES_ERROR;
				CLANG_WARN_UNREACHABLE_CODE = YES;
				CLANG_WARN__DUPLICATE_METHOD_MATCH = YES;
				"CODE_SIGN_IDENTITY[sdk=iphoneos*]" = "iPhone Developer";
				COPY_PHASE_STRIP = NO;
				DEBUG_INFORMATION_FORMAT = "dwarf-with-dsym";
				ENABLE_STRICT_OBJC_MSGSEND = YES;
				GCC_C_LANGUAGE_STANDARD = gnu99;
				GCC_DYNAMIC_NO_PIC = NO;
				GCC_NO_COMMON_BLOCKS = YES;
				GCC_OPTIMIZATION_LEVEL = 0;
				GCC_PREPROCESSOR_DEFINITIONS = (
					"DEBUG=1",
					"$(inherited)",
				);
				GCC_SYMBOLS_PRIVATE_EXTERN = NO;
				GCC_WARN_64_TO_32_BIT_CONVERSION = YES;
				GCC_WARN_ABOUT_RETURN_TYPE = YES_ERROR;
				GCC_WARN_UNDECLARED_SELECTOR = YES;
				GCC_WARN_UNINITIALIZED_AUTOS = YES_AGGRESSIVE;
				GCC_WARN_UNUSED_FUNCTION = YES;
				GCC_WARN_UNUSED_VARIABLE = YES;
				IPHONEOS_DEPLOYMENT_TARGET = 8.4;
				MTL_ENABLE_DEBUG_INFO = YES;
				ONLY_ACTIVE_ARCH = YES;
				SDKROOT = iphoneos;
				SWIFT_OPTIMIZATION_LEVEL = "-Onone";
				TARGETED_DEVICE_FAMILY = "1,2";
			};
			name = Debug;
		};
		0492FCB01B57EA7C004BC2A2 /* Release */ = {
			isa = XCBuildConfiguration;
			buildSettings = {
				ALWAYS_SEARCH_USER_PATHS = NO;
				CLANG_CXX_LANGUAGE_STANDARD = "gnu++0x";
				CLANG_CXX_LIBRARY = "libc++";
				CLANG_ENABLE_MODULES = YES;
				CLANG_ENABLE_OBJC_ARC = YES;
				CLANG_WARN_BOOL_CONVERSION = YES;
				CLANG_WARN_CONSTANT_CONVERSION = YES;
				CLANG_WARN_DIRECT_OBJC_ISA_USAGE = YES_ERROR;
				CLANG_WARN_EMPTY_BODY = YES;
				CLANG_WARN_ENUM_CONVERSION = YES;
				CLANG_WARN_INT_CONVERSION = YES;
				CLANG_WARN_OBJC_ROOT_CLASS = YES_ERROR;
				CLANG_WARN_UNREACHABLE_CODE = YES;
				CLANG_WARN__DUPLICATE_METHOD_MATCH = YES;
				"CODE_SIGN_IDENTITY[sdk=iphoneos*]" = "iPhone Developer";
				COPY_PHASE_STRIP = NO;
				DEBUG_INFORMATION_FORMAT = "dwarf-with-dsym";
				ENABLE_NS_ASSERTIONS = NO;
				ENABLE_STRICT_OBJC_MSGSEND = YES;
				GCC_C_LANGUAGE_STANDARD = gnu99;
				GCC_NO_COMMON_BLOCKS = YES;
				GCC_WARN_64_TO_32_BIT_CONVERSION = YES;
				GCC_WARN_ABOUT_RETURN_TYPE = YES_ERROR;
				GCC_WARN_UNDECLARED_SELECTOR = YES;
				GCC_WARN_UNINITIALIZED_AUTOS = YES_AGGRESSIVE;
				GCC_WARN_UNUSED_FUNCTION = YES;
				GCC_WARN_UNUSED_VARIABLE = YES;
				IPHONEOS_DEPLOYMENT_TARGET = 8.4;
				MTL_ENABLE_DEBUG_INFO = NO;
				SDKROOT = iphoneos;
				TARGETED_DEVICE_FAMILY = "1,2";
				VALIDATE_PRODUCT = YES;
			};
			name = Release;
		};
		0492FCB21B57EA7C004BC2A2 /* Debug */ = {
			isa = XCBuildConfiguration;
			buildSettings = {
				ASSETCATALOG_COMPILER_APPICON_NAME = AppIcon;
				INFOPLIST_FILE = SoundBuddie/Info.plist;
				LD_RUNPATH_SEARCH_PATHS = "$(inherited) @executable_path/Frameworks";
				PRODUCT_NAME = "$(TARGET_NAME)";
			};
			name = Debug;
		};
		0492FCB31B57EA7C004BC2A2 /* Release */ = {
			isa = XCBuildConfiguration;
			buildSettings = {
				ASSETCATALOG_COMPILER_APPICON_NAME = AppIcon;
				INFOPLIST_FILE = SoundBuddie/Info.plist;
				LD_RUNPATH_SEARCH_PATHS = "$(inherited) @executable_path/Frameworks";
				PRODUCT_NAME = "$(TARGET_NAME)";
			};
			name = Release;
		};
		0492FCB51B57EA7C004BC2A2 /* Debug */ = {
			isa = XCBuildConfiguration;
			buildSettings = {
				BUNDLE_LOADER = "$(TEST_HOST)";
				FRAMEWORK_SEARCH_PATHS = (
					"$(SDKROOT)/Developer/Library/Frameworks",
					"$(inherited)",
				);
				GCC_PREPROCESSOR_DEFINITIONS = (
					"DEBUG=1",
					"$(inherited)",
				);
				INFOPLIST_FILE = SoundBuddieTests/Info.plist;
				LD_RUNPATH_SEARCH_PATHS = "$(inherited) @executable_path/Frameworks @loader_path/Frameworks";
				PRODUCT_NAME = "$(TARGET_NAME)";
				TEST_HOST = "$(BUILT_PRODUCTS_DIR)/SoundBuddie.app/SoundBuddie";
			};
			name = Debug;
		};
		0492FCB61B57EA7C004BC2A2 /* Release */ = {
			isa = XCBuildConfiguration;
			buildSettings = {
				BUNDLE_LOADER = "$(TEST_HOST)";
				FRAMEWORK_SEARCH_PATHS = (
					"$(SDKROOT)/Developer/Library/Frameworks",
					"$(inherited)",
				);
				INFOPLIST_FILE = SoundBuddieTests/Info.plist;
				LD_RUNPATH_SEARCH_PATHS = "$(inherited) @executable_path/Frameworks @loader_path/Frameworks";
				PRODUCT_NAME = "$(TARGET_NAME)";
				TEST_HOST = "$(BUILT_PRODUCTS_DIR)/SoundBuddie.app/SoundBuddie";
			};
			name = Release;
		};
/* End XCBuildConfiguration section */

/* Begin XCConfigurationList section */
		0492FC8D1B57EA7C004BC2A2 /* Build configuration list for PBXProject "SoundBuddie" */ = {
			isa = XCConfigurationList;
			buildConfigurations = (
				0492FCAF1B57EA7C004BC2A2 /* Debug */,
				0492FCB01B57EA7C004BC2A2 /* Release */,
			);
			defaultConfigurationIsVisible = 0;
			defaultConfigurationName = Release;
		};
		0492FCB11B57EA7C004BC2A2 /* Build configuration list for PBXNativeTarget "SoundBuddie" */ = {
			isa = XCConfigurationList;
			buildConfigurations = (
				0492FCB21B57EA7C004BC2A2 /* Debug */,
				0492FCB31B57EA7C004BC2A2 /* Release */,
			);
			defaultConfigurationIsVisible = 0;
		};
		0492FCB41B57EA7C004BC2A2 /* Build configuration list for PBXNativeTarget "SoundBuddieTests" */ = {
			isa = XCConfigurationList;
			buildConfigurations = (
				0492FCB51B57EA7C004BC2A2 /* Debug */,
				0492FCB61B57EA7C004BC2A2 /* Release */,
			);
			defaultConfigurationIsVisible = 0;
		};
/* End XCConfigurationList section */
	};
	rootObject = 0492FC8A1B57EA7C004BC2A2 /* Project object */;
}
